// !$*UTF8*$!
{
	archiveVersion = 1;
	classes = {
	};
	objectVersion = 56;
	objects = {

/* Begin PBXBuildFile section */
		32A817E7294A7E95000DBC0D /* AppDelegate.swift in Sources */ = {isa = PBXBuildFile; fileRef = 32A817E6294A7E95000DBC0D /* AppDelegate.swift */; };
		32A817E9294A7E95000DBC0D /* SceneDelegate.swift in Sources */ = {isa = PBXBuildFile; fileRef = 32A817E8294A7E95000DBC0D /* SceneDelegate.swift */; };
		32A817EB294A7E95000DBC0D /* ViewController.swift in Sources */ = {isa = PBXBuildFile; fileRef = 32A817EA294A7E95000DBC0D /* ViewController.swift */; };
		32A817EE294A7E95000DBC0D /* Main.storyboard in Resources */ = {isa = PBXBuildFile; fileRef = 32A817EC294A7E95000DBC0D /* Main.storyboard */; };
		32A817F0294A7E96000DBC0D /* Assets.xcassets in Resources */ = {isa = PBXBuildFile; fileRef = 32A817EF294A7E96000DBC0D /* Assets.xcassets */; };
		32A817F3294A7E96000DBC0D /* LaunchScreen.storyboard in Resources */ = {isa = PBXBuildFile; fileRef = 32A817F1294A7E96000DBC0D /* LaunchScreen.storyboard */; };
		824DD822C9FE2685CB8D94CE /* Pods_BattleShips.framework in Frameworks */ = {isa = PBXBuildFile; fileRef = EFCB89600B18B9F023080D42 /* Pods_BattleShips.framework */; };
/* End PBXBuildFile section */

/* Begin PBXFileReference section */
		32A817E3294A7E95000DBC0D /* BattleShips.app */ = {isa = PBXFileReference; explicitFileType = wrapper.application; includeInIndex = 0; path = BattleShips.app; sourceTree = BUILT_PRODUCTS_DIR; };
		32A817E6294A7E95000DBC0D /* AppDelegate.swift */ = {isa = PBXFileReference; lastKnownFileType = sourcecode.swift; path = AppDelegate.swift; sourceTree = "<group>"; };
		32A817E8294A7E95000DBC0D /* SceneDelegate.swift */ = {isa = PBXFileReference; lastKnownFileType = sourcecode.swift; path = SceneDelegate.swift; sourceTree = "<group>"; };
		32A817EA294A7E95000DBC0D /* ViewController.swift */ = {isa = PBXFileReference; lastKnownFileType = sourcecode.swift; path = ViewController.swift; sourceTree = "<group>"; };
		32A817ED294A7E95000DBC0D /* Base */ = {isa = PBXFileReference; lastKnownFileType = file.storyboard; name = Base; path = Base.lproj/Main.storyboard; sourceTree = "<group>"; };
		32A817EF294A7E96000DBC0D /* Assets.xcassets */ = {isa = PBXFileReference; lastKnownFileType = folder.assetcatalog; path = Assets.xcassets; sourceTree = "<group>"; };
		32A817F2294A7E96000DBC0D /* Base */ = {isa = PBXFileReference; lastKnownFileType = file.storyboard; name = Base; path = Base.lproj/LaunchScreen.storyboard; sourceTree = "<group>"; };
		32A817F4294A7E96000DBC0D /* Info.plist */ = {isa = PBXFileReference; lastKnownFileType = text.plist.xml; path = Info.plist; sourceTree = "<group>"; };
		855C4FAB838BB0688AE97454 /* Pods-BattleShips.debug.xcconfig */ = {isa = PBXFileReference; includeInIndex = 1; lastKnownFileType = text.xcconfig; name = "Pods-BattleShips.debug.xcconfig"; path = "Target Support Files/Pods-BattleShips/Pods-BattleShips.debug.xcconfig"; sourceTree = "<group>"; };
		E2CC282332CBD196A67E9E7D /* Pods-BattleShips.release.xcconfig */ = {isa = PBXFileReference; includeInIndex = 1; lastKnownFileType = text.xcconfig; name = "Pods-BattleShips.release.xcconfig"; path = "Target Support Files/Pods-BattleShips/Pods-BattleShips.release.xcconfig"; sourceTree = "<group>"; };
		EFCB89600B18B9F023080D42 /* Pods_BattleShips.framework */ = {isa = PBXFileReference; explicitFileType = wrapper.framework; includeInIndex = 0; path = Pods_BattleShips.framework; sourceTree = BUILT_PRODUCTS_DIR; };
/* End PBXFileReference section */

/* Begin PBXFrameworksBuildPhase section */
		32A817E0294A7E95000DBC0D /* Frameworks */ = {
			isa = PBXFrameworksBuildPhase;
			buildActionMask = 2147483647;
			files = (
				824DD822C9FE2685CB8D94CE /* Pods_BattleShips.framework in Frameworks */,
			);
			runOnlyForDeploymentPostprocessing = 0;
		};
/* End PBXFrameworksBuildPhase section */

/* Begin PBXGroup section */
		32A817DA294A7E95000DBC0D = {
			isa = PBXGroup;
			children = (
				32A817E5294A7E95000DBC0D /* BattleShips */,
				32A817E4294A7E95000DBC0D /* Products */,
				36AB6FE37A971A1DAE2F97DA /* Pods */,
				AC88F36B4794A428B8B263B2 /* Frameworks */,
			);
			sourceTree = "<group>";
		};
		32A817E4294A7E95000DBC0D /* Products */ = {
			isa = PBXGroup;
			children = (
				32A817E3294A7E95000DBC0D /* BattleShips.app */,
			);
			name = Products;
			sourceTree = "<group>";
		};
		32A817E5294A7E95000DBC0D /* BattleShips */ = {
			isa = PBXGroup;
			children = (
				32A817E6294A7E95000DBC0D /* AppDelegate.swift */,
				32A817E8294A7E95000DBC0D /* SceneDelegate.swift */,
				32A817EA294A7E95000DBC0D /* ViewController.swift */,
				32A817EC294A7E95000DBC0D /* Main.storyboard */,
				32A817EF294A7E96000DBC0D /* Assets.xcassets */,
				32A817F1294A7E96000DBC0D /* LaunchScreen.storyboard */,
				32A817F4294A7E96000DBC0D /* Info.plist */,
			);
			path = BattleShips;
			sourceTree = "<group>";
		};
		36AB6FE37A971A1DAE2F97DA /* Pods */ = {
			isa = PBXGroup;
			children = (
				855C4FAB838BB0688AE97454 /* Pods-BattleShips.debug.xcconfig */,
				E2CC282332CBD196A67E9E7D /* Pods-BattleShips.release.xcconfig */,
			);
			name = Pods;
			path = Pods;
			sourceTree = "<group>";
		};
		AC88F36B4794A428B8B263B2 /* Frameworks */ = {
			isa = PBXGroup;
			children = (
				EFCB89600B18B9F023080D42 /* Pods_BattleShips.framework */,
			);
			name = Frameworks;
			sourceTree = "<group>";
		};
/* End PBXGroup section */

/* Begin PBXNativeTarget section */
		32A817E2294A7E95000DBC0D /* BattleShips */ = {
			isa = PBXNativeTarget;
			buildConfigurationList = 32A817F7294A7E97000DBC0D /* Build configuration list for PBXNativeTarget "BattleShips" */;
			buildPhases = (
				E01DC3C3BF52D78B2556268D /* [CP] Check Pods Manifest.lock */,
				32A817DF294A7E95000DBC0D /* Sources */,
				32A817E0294A7E95000DBC0D /* Frameworks */,
				32A817E1294A7E95000DBC0D /* Resources */,
				8C246EBFAAF00478FD9C5F3B /* [CP] Embed Pods Frameworks */,
			);
			buildRules = (
			);
			dependencies = (
			);
			name = BattleShips;
			productName = BattleShips;
			productReference = 32A817E3294A7E95000DBC0D /* BattleShips.app */;
			productType = "com.apple.product-type.application";
		};
/* End PBXNativeTarget section */

/* Begin PBXProject section */
		32A817DB294A7E95000DBC0D /* Project object */ = {
			isa = PBXProject;
			attributes = {
				BuildIndependentTargetsInParallel = 1;
				LastSwiftUpdateCheck = 1410;
				LastUpgradeCheck = 1410;
				TargetAttributes = {
					32A817E2294A7E95000DBC0D = {
						CreatedOnToolsVersion = 14.1;
					};
				};
			};
			buildConfigurationList = 32A817DE294A7E95000DBC0D /* Build configuration list for PBXProject "BattleShips" */;
			compatibilityVersion = "Xcode 14.0";
			developmentRegion = en;
			hasScannedForEncodings = 0;
			knownRegions = (
				en,
				Base,
			);
			mainGroup = 32A817DA294A7E95000DBC0D;
			productRefGroup = 32A817E4294A7E95000DBC0D /* Products */;
			projectDirPath = "";
			projectRoot = "";
			targets = (
				32A817E2294A7E95000DBC0D /* BattleShips */,
			);
		};
/* End PBXProject section */

/* Begin PBXResourcesBuildPhase section */
		32A817E1294A7E95000DBC0D /* Resources */ = {
			isa = PBXResourcesBuildPhase;
			buildActionMask = 2147483647;
			files = (
				32A817F3294A7E96000DBC0D /* LaunchScreen.storyboard in Resources */,
				32A817F0294A7E96000DBC0D /* Assets.xcassets in Resources */,
				32A817EE294A7E95000DBC0D /* Main.storyboard in Resources */,
			);
			runOnlyForDeploymentPostprocessing = 0;
		};
/* End PBXResourcesBuildPhase section */

/* Begin PBXShellScriptBuildPhase section */
		8C246EBFAAF00478FD9C5F3B /* [CP] Embed Pods Frameworks */ = {
			isa = PBXShellScriptBuildPhase;
			buildActionMask = 2147483647;
			files = (
			);
			inputFileListPaths = (
				"${PODS_ROOT}/Target Support Files/Pods-BattleShips/Pods-BattleShips-frameworks-${CONFIGURATION}-input-files.xcfilelist",
			);
			name = "[CP] Embed Pods Frameworks";
			outputFileListPaths = (
				"${PODS_ROOT}/Target Support Files/Pods-BattleShips/Pods-BattleShips-frameworks-${CONFIGURATION}-output-files.xcfilelist",
			);
			runOnlyForDeploymentPostprocessing = 0;
			shellPath = /bin/sh;
			shellScript = "\"${PODS_ROOT}/Target Support Files/Pods-BattleShips/Pods-BattleShips-frameworks.sh\"\n";
			showEnvVarsInLog = 0;
		};
		E01DC3C3BF52D78B2556268D /* [CP] Check Pods Manifest.lock */ = {
			isa = PBXShellScriptBuildPhase;
			buildActionMask = 2147483647;
			files = (
			);
			inputFileListPaths = (
			);
			inputPaths = (
				"${PODS_PODFILE_DIR_PATH}/Podfile.lock",
				"${PODS_ROOT}/Manifest.lock",
			);
			name = "[CP] Check Pods Manifest.lock";
			outputFileListPaths = (
			);
			outputPaths = (
				"$(DERIVED_FILE_DIR)/Pods-BattleShips-checkManifestLockResult.txt",
			);
			runOnlyForDeploymentPostprocessing = 0;
			shellPath = /bin/sh;
			shellScript = "diff \"${PODS_PODFILE_DIR_PATH}/Podfile.lock\" \"${PODS_ROOT}/Manifest.lock\" > /dev/null\nif [ $? != 0 ] ; then\n    # print error to STDERR\n    echo \"error: The sandbox is not in sync with the Podfile.lock. Run 'pod install' or update your CocoaPods installation.\" >&2\n    exit 1\nfi\n# This output is used by Xcode 'outputs' to avoid re-running this script phase.\necho \"SUCCESS\" > \"${SCRIPT_OUTPUT_FILE_0}\"\n";
			showEnvVarsInLog = 0;
		};
/* End PBXShellScriptBuildPhase section */

/* Begin PBXSourcesBuildPhase section */
		32A817DF294A7E95000DBC0D /* Sources */ = {
			isa = PBXSourcesBuildPhase;
			buildActionMask = 2147483647;
			files = (
				32A817EB294A7E95000DBC0D /* ViewController.swift in Sources */,
				32A817E7294A7E95000DBC0D /* AppDelegate.swift in Sources */,
				32A817E9294A7E95000DBC0D /* SceneDelegate.swift in Sources */,
			);
			runOnlyForDeploymentPostprocessing = 0;
		};
/* End PBXSourcesBuildPhase section */

/* Begin PBXVariantGroup section */
		32A817EC294A7E95000DBC0D /* Main.storyboard */ = {
			isa = PBXVariantGroup;
			children = (
				32A817ED294A7E95000DBC0D /* Base */,
			);
			name = Main.storyboard;
			sourceTree = "<group>";
		};
		32A817F1294A7E96000DBC0D /* LaunchScreen.storyboard */ = {
			isa = PBXVariantGroup;
			children = (
				32A817F2294A7E96000DBC0D /* Base */,
			);
			name = LaunchScreen.storyboard;
			sourceTree = "<group>";
		};
/* End PBXVariantGroup section */

/* Begin XCBuildConfiguration section */
		32A817F5294A7E96000DBC0D /* Debug */ = {
			isa = XCBuildConfiguration;
			buildSettings = {
				ALWAYS_SEARCH_USER_PATHS = NO;
				CLANG_ANALYZER_NONNULL = YES;
				CLANG_ANALYZER_NUMBER_OBJECT_CONVERSION = YES_AGGRESSIVE;
				CLANG_CXX_LANGUAGE_STANDARD = "gnu++20";
				CLANG_ENABLE_MODULES = YES;
				CLANG_ENABLE_OBJC_ARC = YES;
				CLANG_ENABLE_OBJC_WEAK = YES;
				CLANG_WARN_BLOCK_CAPTURE_AUTORELEASING = YES;
				CLANG_WARN_BOOL_CONVERSION = YES;
				CLANG_WARN_COMMA = YES;
				CLANG_WARN_CONSTANT_CONVERSION = YES;
				CLANG_WARN_DEPRECATED_OBJC_IMPLEMENTATIONS = YES;
				CLANG_WARN_DIRECT_OBJC_ISA_USAGE = YES_ERROR;
				CLANG_WARN_DOCUMENTATION_COMMENTS = YES;
				CLANG_WARN_EMPTY_BODY = YES;
				CLANG_WARN_ENUM_CONVERSION = YES;
				CLANG_WARN_INFINITE_RECURSION = YES;
				CLANG_WARN_INT_CONVERSION = YES;
				CLANG_WARN_NON_LITERAL_NULL_CONVERSION = YES;
				CLANG_WARN_OBJC_IMPLICIT_RETAIN_SELF = YES;
				CLANG_WARN_OBJC_LITERAL_CONVERSION = YES;
				CLANG_WARN_OBJC_ROOT_CLASS = YES_ERROR;
				CLANG_WARN_QUOTED_INCLUDE_IN_FRAMEWORK_HEADER = YES;
				CLANG_WARN_RANGE_LOOP_ANALYSIS = YES;
				CLANG_WARN_STRICT_PROTOTYPES = YES;
				CLANG_WARN_SUSPICIOUS_MOVE = YES;
				CLANG_WARN_UNGUARDED_AVAILABILITY = YES_AGGRESSIVE;
				CLANG_WARN_UNREACHABLE_CODE = YES;
				CLANG_WARN__DUPLICATE_METHOD_MATCH = YES;
				COPY_PHASE_STRIP = NO;
				DEBUG_INFORMATION_FORMAT = dwarf;
				ENABLE_STRICT_OBJC_MSGSEND = YES;
				ENABLE_TESTABILITY = YES;
				GCC_C_LANGUAGE_STANDARD = gnu11;
				GCC_DYNAMIC_NO_PIC = NO;
				GCC_NO_COMMON_BLOCKS = YES;
				GCC_OPTIMIZATION_LEVEL = 0;
				GCC_PREPROCESSOR_DEFINITIONS = (
					"DEBUG=1",
					"$(inherited)",
				);
				GCC_WARN_64_TO_32_BIT_CONVERSION = YES;
				GCC_WARN_ABOUT_RETURN_TYPE = YES_ERROR;
				GCC_WARN_UNDECLARED_SELECTOR = YES;
				GCC_WARN_UNINITIALIZED_AUTOS = YES_AGGRESSIVE;
				GCC_WARN_UNUSED_FUNCTION = YES;
				GCC_WARN_UNUSED_VARIABLE = YES;
				IPHONEOS_DEPLOYMENT_TARGET = 15.0;
				MTL_ENABLE_DEBUG_INFO = INCLUDE_SOURCE;
				MTL_FAST_MATH = YES;
				ONLY_ACTIVE_ARCH = YES;
				SDKROOT = iphoneos;
				SWIFT_ACTIVE_COMPILATION_CONDITIONS = DEBUG;
				SWIFT_OPTIMIZATION_LEVEL = "-Onone";
			};
			name = Debug;
		};
		32A817F6294A7E96000DBC0D /* Release */ = {
			isa = XCBuildConfiguration;
			buildSettings = {
				ALWAYS_SEARCH_USER_PATHS = NO;
				CLANG_ANALYZER_NONNULL = YES;
				CLANG_ANALYZER_NUMBER_OBJECT_CONVERSION = YES_AGGRESSIVE;
				CLANG_CXX_LANGUAGE_STANDARD = "gnu++20";
				CLANG_ENABLE_MODULES = YES;
				CLANG_ENABLE_OBJC_ARC = YES;
				CLANG_ENABLE_OBJC_WEAK = YES;
				CLANG_WARN_BLOCK_CAPTURE_AUTORELEASING = YES;
				CLANG_WARN_BOOL_CONVERSION = YES;
				CLANG_WARN_COMMA = YES;
				CLANG_WARN_CONSTANT_CONVERSION = YES;
				CLANG_WARN_DEPRECATED_OBJC_IMPLEMENTATIONS = YES;
				CLANG_WARN_DIRECT_OBJC_ISA_USAGE = YES_ERROR;
				CLANG_WARN_DOCUMENTATION_COMMENTS = YES;
				CLANG_WARN_EMPTY_BODY = YES;
				CLANG_WARN_ENUM_CONVERSION = YES;
				CLANG_WARN_INFINITE_RECURSION = YES;
				CLANG_WARN_INT_CONVERSION = YES;
				CLANG_WARN_NON_LITERAL_NULL_CONVERSION = YES;
				CLANG_WARN_OBJC_IMPLICIT_RETAIN_SELF = YES;
				CLANG_WARN_OBJC_LITERAL_CONVERSION = YES;
				CLANG_WARN_OBJC_ROOT_CLASS = YES_ERROR;
				CLANG_WARN_QUOTED_INCLUDE_IN_FRAMEWORK_HEADER = YES;
				CLANG_WARN_RANGE_LOOP_ANALYSIS = YES;
				CLANG_WARN_STRICT_PROTOTYPES = YES;
				CLANG_WARN_SUSPICIOUS_MOVE = YES;
				CLANG_WARN_UNGUARDED_AVAILABILITY = YES_AGGRESSIVE;
				CLANG_WARN_UNREACHABLE_CODE = YES;
				CLANG_WARN__DUPLICATE_METHOD_MATCH = YES;
				COPY_PHASE_STRIP = NO;
				DEBUG_INFORMATION_FORMAT = "dwarf-with-dsym";
				ENABLE_NS_ASSERTIONS = NO;
				ENABLE_STRICT_OBJC_MSGSEND = YES;
				GCC_C_LANGUAGE_STANDARD = gnu11;
				GCC_NO_COMMON_BLOCKS = YES;
				GCC_WARN_64_TO_32_BIT_CONVERSION = YES;
				GCC_WARN_ABOUT_RETURN_TYPE = YES_ERROR;
				GCC_WARN_UNDECLARED_SELECTOR = YES;
				GCC_WARN_UNINITIALIZED_AUTOS = YES_AGGRESSIVE;
				GCC_WARN_UNUSED_FUNCTION = YES;
				GCC_WARN_UNUSED_VARIABLE = YES;
				IPHONEOS_DEPLOYMENT_TARGET = 15.0;
				MTL_ENABLE_DEBUG_INFO = NO;
				MTL_FAST_MATH = YES;
				SDKROOT = iphoneos;
				SWIFT_COMPILATION_MODE = wholemodule;
				SWIFT_OPTIMIZATION_LEVEL = "-O";
				VALIDATE_PRODUCT = YES;
			};
			name = Release;
		};
		32A817F8294A7E97000DBC0D /* Debug */ = {
			isa = XCBuildConfiguration;
			baseConfigurationReference = 855C4FAB838BB0688AE97454 /* Pods-BattleShips.debug.xcconfig */;
			buildSettings = {
				ASSETCATALOG_COMPILER_APPICON_NAME = AppIcon;
				ASSETCATALOG_COMPILER_GLOBAL_ACCENT_COLOR_NAME = AccentColor;
				CODE_SIGN_STYLE = Automatic;
				CURRENT_PROJECT_VERSION = 1;
				DEVELOPMENT_TEAM = 97AF9CH96R;
				GENERATE_INFOPLIST_FILE = YES;
				INFOPLIST_FILE = BattleShips/Info.plist;
				INFOPLIST_KEY_CFBundleDisplayName = "Battle Ships";
				INFOPLIST_KEY_LSApplicationCategoryType = "public.app-category.board-games";
				INFOPLIST_KEY_UIApplicationSupportsIndirectInputEvents = YES;
				INFOPLIST_KEY_UILaunchStoryboardName = LaunchScreen;
				INFOPLIST_KEY_UIMainStoryboardFile = Main;
				INFOPLIST_KEY_UISupportedInterfaceOrientations = UIInterfaceOrientationPortrait;
				INFOPLIST_KEY_UISupportedInterfaceOrientations_iPad = "UIInterfaceOrientationLandscapeLeft UIInterfaceOrientationLandscapeRight UIInterfaceOrientationPortrait UIInterfaceOrientationPortraitUpsideDown";
				IPHONEOS_DEPLOYMENT_TARGET = 15.0;
				LD_RUNPATH_SEARCH_PATHS = (
					"$(inherited)",
					"@executable_path/Frameworks",
				);
				MARKETING_VERSION = 1.0;
				PRODUCT_BUNDLE_IDENTIFIER = com.tinkldeath.BattleShips;
				PRODUCT_NAME = "$(TARGET_NAME)";
				SUPPORTED_PLATFORMS = "iphoneos iphonesimulator";
				SUPPORTS_MACCATALYST = NO;
				SUPPORTS_MAC_DESIGNED_FOR_IPHONE_IPAD = NO;
				SWIFT_EMIT_LOC_STRINGS = YES;
				SWIFT_VERSION = 5.0;
				TARGETED_DEVICE_FAMILY = 1;
			};
			name = Debug;
		};
		32A817F9294A7E97000DBC0D /* Release */ = {
			isa = XCBuildConfiguration;
			baseConfigurationReference = E2CC282332CBD196A67E9E7D /* Pods-BattleShips.release.xcconfig */;
			buildSettings = {
				ASSETCATALOG_COMPILER_APPICON_NAME = AppIcon;
				ASSETCATALOG_COMPILER_GLOBAL_ACCENT_COLOR_NAME = AccentColor;
				CODE_SIGN_STYLE = Automatic;
				CURRENT_PROJECT_VERSION = 1;
				DEVELOPMENT_TEAM = 97AF9CH96R;
				GENERATE_INFOPLIST_FILE = YES;
				INFOPLIST_FILE = BattleShips/Info.plist;
				INFOPLIST_KEY_CFBundleDisplayName = "Battle Ships";
				INFOPLIST_KEY_LSApplicationCategoryType = "public.app-category.board-games";
				INFOPLIST_KEY_UIApplicationSupportsIndirectInputEvents = YES;
				INFOPLIST_KEY_UILaunchStoryboardName = LaunchScreen;
				INFOPLIST_KEY_UIMainStoryboardFile = Main;
				INFOPLIST_KEY_UISupportedInterfaceOrientations = UIInterfaceOrientationPortrait;
				INFOPLIST_KEY_UISupportedInterfaceOrientations_iPad = "UIInterfaceOrientationLandscapeLeft UIInterfaceOrientationLandscapeRight UIInterfaceOrientationPortrait UIInterfaceOrientationPortraitUpsideDown";
				IPHONEOS_DEPLOYMENT_TARGET = 15.0;
				LD_RUNPATH_SEARCH_PATHS = (
					"$(inherited)",
					"@executable_path/Frameworks",
				);
				MARKETING_VERSION = 1.0;
				PRODUCT_BUNDLE_IDENTIFIER = com.tinkldeath.BattleShips;
				PRODUCT_NAME = "$(TARGET_NAME)";
				SUPPORTED_PLATFORMS = "iphoneos iphonesimulator";
				SUPPORTS_MACCATALYST = NO;
				SUPPORTS_MAC_DESIGNED_FOR_IPHONE_IPAD = NO;
				SWIFT_EMIT_LOC_STRINGS = YES;
				SWIFT_VERSION = 5.0;
				TARGETED_DEVICE_FAMILY = 1;
			};
			name = Release;
		};
/* End XCBuildConfiguration section */

/* Begin XCConfigurationList section */
		32A817DE294A7E95000DBC0D /* Build configuration list for PBXProject "BattleShips" */ = {
			isa = XCConfigurationList;
			buildConfigurations = (
				32A817F5294A7E96000DBC0D /* Debug */,
				32A817F6294A7E96000DBC0D /* Release */,
			);
			defaultConfigurationIsVisible = 0;
			defaultConfigurationName = Release;
		};
		32A817F7294A7E97000DBC0D /* Build configuration list for PBXNativeTarget "BattleShips" */ = {
			isa = XCConfigurationList;
			buildConfigurations = (
				32A817F8294A7E97000DBC0D /* Debug */,
				32A817F9294A7E97000DBC0D /* Release */,
			);
			defaultConfigurationIsVisible = 0;
			defaultConfigurationName = Release;
		};
/* End XCConfigurationList section */
	};
	rootObject = 32A817DB294A7E95000DBC0D /* Project object */;
}
